
Microsoft Visual Studio Solution File, Format Version 12.00
# Visual Studio Version 17
VisualStudioVersion = 17.7.34221.43
MinimumVisualStudioVersion = 10.0.40219.1
Project("{FAE04EC0-301F-11D3-BF4B-00C04F79EFBC}") = "StudentManagmentSystem.Android", "StudentManagmentSystem.Android\StudentManagmentSystem.Android.csproj", "{268ED2A2-11A6-4DB8-A2A4-F6C8DEE900CA}"
EndProject
Project("{FAE04EC0-301F-11D3-BF4B-00C04F79EFBC}") = "StudentManagmentSystem.iOS", "StudentManagmentSystem.iOS\StudentManagmentSystem.iOS.csproj", "{11BE00B0-942E-4162-A46C-B592E3186CE7}"
EndProject
Project("{FAE04EC0-301F-11D3-BF4B-00C04F79EFBC}") = "StudentManagmentSystem", "StudentManagmentSystem\StudentManagmentSystem.csproj", "{D9B3171A-DCFB-4537-8F88-B6999AB606FE}"
EndProject
Global
	GlobalSection(SolutionConfigurationPlatforms) = preSolution
		Debug|Any CPU = Debug|Any CPU
		Debug|iPhone = Debug|iPhone
		Debug|iPhoneSimulator = Debug|iPhoneSimulator
		Release|Any CPU = Release|Any CPU
		Release|iPhone = Release|iPhone
		Release|iPhoneSimulator = Release|iPhoneSimulator
	EndGlobalSection
	GlobalSection(ProjectConfigurationPlatforms) = postSolution
		{268ED2A2-11A6-4DB8-A2A4-F6C8DEE900CA}.Debug|Any CPU.ActiveCfg = Debug|Any CPU
		{268ED2A2-11A6-4DB8-A2A4-F6C8DEE900CA}.Debug|Any CPU.Build.0 = Debug|Any CPU
		{268ED2A2-11A6-4DB8-A2A4-F6C8DEE900CA}.Debug|Any CPU.Deploy.0 = Debug|Any CPU
		{268ED2A2-11A6-4DB8-A2A4-F6C8DEE900CA}.Debug|iPhone.ActiveCfg = Debug|Any CPU
		{268ED2A2-11A6-4DB8-A2A4-F6C8DEE900CA}.Debug|iPhone.Build.0 = Debug|Any CPU
		{268ED2A2-11A6-4DB8-A2A4-F6C8DEE900CA}.Debug|iPhone.Deploy.0 = Debug|Any CPU
		{268ED2A2-11A6-4DB8-A2A4-F6C8DEE900CA}.Debug|iPhoneSimulator.ActiveCfg = Debug|Any CPU
		{268ED2A2-11A6-4DB8-A2A4-F6C8DEE900CA}.Debug|iPhoneSimulator.Build.0 = Debug|Any CPU
		{268ED2A2-11A6-4DB8-A2A4-F6C8DEE900CA}.Debug|iPhoneSimulator.Deploy.0 = Debug|Any CPU
		{268ED2A2-11A6-4DB8-A2A4-F6C8DEE900CA}.Release|Any CPU.ActiveCfg = Release|Any CPU
		{268ED2A2-11A6-4DB8-A2A4-F6C8DEE900CA}.Release|Any CPU.Build.0 = Release|Any CPU
		{268ED2A2-11A6-4DB8-A2A4-F6C8DEE900CA}.Release|Any CPU.Deploy.0 = Release|Any CPU
		{268ED2A2-11A6-4DB8-A2A4-F6C8DEE900CA}.Release|iPhone.ActiveCfg = Release|Any CPU
		{268ED2A2-11A6-4DB8-A2A4-F6C8DEE900CA}.Release|iPhone.Build.0 = Release|Any CPU
		{268ED2A2-11A6-4DB8-A2A4-F6C8DEE900CA}.Release|iPhone.Deploy.0 = Release|Any CPU
		{268ED2A2-11A6-4DB8-A2A4-F6C8DEE900CA}.Release|iPhoneSimulator.ActiveCfg = Release|Any CPU
		{268ED2A2-11A6-4DB8-A2A4-F6C8DEE900CA}.Release|iPhoneSimulator.Build.0 = Release|Any CPU
		{268ED2A2-11A6-4DB8-A2A4-F6C8DEE900CA}.Release|iPhoneSimulator.Deploy.0 = Release|Any CPU
		{11BE00B0-942E-4162-A46C-B592E3186CE7}.Debug|Any CPU.ActiveCfg = Debug|iPhone
		{11BE00B0-942E-4162-A46C-B592E3186CE7}.Debug|Any CPU.Build.0 = Debug|iPhone
		{11BE00B0-942E-4162-A46C-B592E3186CE7}.Debug|Any CPU.Deploy.0 = Debug|iPhone
		{11BE00B0-942E-4162-A46C-B592E3186CE7}.Debug|iPhone.ActiveCfg = Debug|iPhone
		{11BE00B0-942E-4162-A46C-B592E3186CE7}.Debug|iPhone.Build.0 = Debug|iPhone
		{11BE00B0-942E-4162-A46C-B592E3186CE7}.Debug|iPhone.Deploy.0 = Debug|iPhone
		{11BE00B0-942E-4162-A46C-B592E3186CE7}.Debug|iPhoneSimulator.ActiveCfg = Debug|iPhoneSimulator
		{11BE00B0-942E-4162-A46C-B592E3186CE7}.Debug|iPhoneSimulator.Build.0 = Debug|iPhoneSimulator
		{11BE00B0-942E-4162-A46C-B592E3186CE7}.Debug|iPhoneSimulator.Deploy.0 = Debug|iPhoneSimulator
		{11BE00B0-942E-4162-A46C-B592E3186CE7}.Release|Any CPU.ActiveCfg = Release|iPhoneSimulator
		{11BE00B0-942E-4162-A46C-B592E3186CE7}.Release|Any CPU.Build.0 = Release|iPhoneSimulator
		{11BE00B0-942E-4162-A46C-B592E3186CE7}.Release|Any CPU.Deploy.0 = Release|iPhoneSimulator
		{11BE00B0-942E-4162-A46C-B592E3186CE7}.Release|iPhone.ActiveCfg = Release|iPhone
		{11BE00B0-942E-4162-A46C-B592E3186CE7}.Release|iPhone.Build.0 = Release|iPhone
		{11BE00B0-942E-4162-A46C-B592E3186CE7}.Release|iPhone.Deploy.0 = Release|iPhone
		{11BE00B0-942E-4162-A46C-B592E3186CE7}.Release|iPhoneSimulator.ActiveCfg = Release|iPhoneSimulator
		{11BE00B0-942E-4162-A46C-B592E3186CE7}.Release|iPhoneSimulator.Build.0 = Release|iPhoneSimulator
		{11BE00B0-942E-4162-A46C-B592E3186CE7}.Release|iPhoneSimulator.Deploy.0 = Release|iPhoneSimulator
		{D9B3171A-DCFB-4537-8F88-B6999AB606FE}.Debug|Any CPU.ActiveCfg = Debug|Any CPU
		{D9B3171A-DCFB-4537-8F88-B6999AB606FE}.Debug|Any CPU.Build.0 = Debug|Any CPU
		{D9B3171A-DCFB-4537-8F88-B6999AB606FE}.Debug|Any CPU.Deploy.0 = Debug|Any CPU
		{D9B3171A-DCFB-4537-8F88-B6999AB606FE}.Debug|iPhone.ActiveCfg = Debug|Any CPU
		{D9B3171A-DCFB-4537-8F88-B6999AB606FE}.Debug|iPhone.Build.0 = Debug|Any CPU
		{D9B3171A-DCFB-4537-8F88-B6999AB606FE}.Debug|iPhone.Deploy.0 = Debug|Any CPU
		{D9B3171A-DCFB-4537-8F88-B6999AB606FE}.Debug|iPhoneSimulator.ActiveCfg = Debug|Any CPU
		{D9B3171A-DCFB-4537-8F88-B6999AB606FE}.Debug|iPhoneSimulator.Build.0 = Debug|Any CPU
		{D9B3171A-DCFB-4537-8F88-B6999AB606FE}.Debug|iPhoneSimulator.Deploy.0 = Debug|Any CPU
		{D9B3171A-DCFB-4537-8F88-B6999AB606FE}.Release|Any CPU.ActiveCfg = Release|Any CPU
		{D9B3171A-DCFB-4537-8F88-B6999AB606FE}.Release|Any CPU.Build.0 = Release|Any CPU
		{D9B3171A-DCFB-4537-8F88-B6999AB606FE}.Release|Any CPU.Deploy.0 = Release|Any CPU
		{D9B3171A-DCFB-4537-8F88-B6999AB606FE}.Release|iPhone.ActiveCfg = Release|Any CPU
		{D9B3171A-DCFB-4537-8F88-B6999AB606FE}.Release|iPhone.Build.0 = Release|Any CPU
		{D9B3171A-DCFB-4537-8F88-B6999AB606FE}.Release|iPhone.Deploy.0 = Release|Any CPU
		{D9B3171A-DCFB-4537-8F88-B6999AB606FE}.Release|iPhoneSimulator.ActiveCfg = Release|Any CPU
		{D9B3171A-DCFB-4537-8F88-B6999AB606FE}.Release|iPhoneSimulator.Build.0 = Release|Any CPU
		{D9B3171A-DCFB-4537-8F88-B6999AB606FE}.Release|iPhoneSimulator.Deploy.0 = Release|Any CPU
	EndGlobalSection
	GlobalSection(SolutionProperties) = preSolution
		HideSolutionNode = FALSE
	EndGlobalSection
	GlobalSection(ExtensibilityGlobals) = postSolution
		SolutionGuid = {9B9E3554-644F-4957-805B-A7F66C3D922F}
	EndGlobalSection
EndGlobal
